// !$*UTF8*$!
{
	archiveVersion = 1;
	classes = {
	};
	objectVersion = 56;
	objects = {

/* Begin PBXBuildFile section */
		675FAF4C2A32049400839B69 /* EpisodeCell.swift in Sources */ = {isa = PBXBuildFile; fileRef = 675FAF4A2A32049400839B69 /* EpisodeCell.swift */; };
		675FAF4D2A32049400839B69 /* EpisodeCell.xib in Resources */ = {isa = PBXBuildFile; fileRef = 675FAF4B2A32049400839B69 /* EpisodeCell.xib */; };
		676F233E2A30D746003DF1EA /* AppDelegate.swift in Sources */ = {isa = PBXBuildFile; fileRef = 676F233D2A30D746003DF1EA /* AppDelegate.swift */; };
		676F23402A30D746003DF1EA /* SceneDelegate.swift in Sources */ = {isa = PBXBuildFile; fileRef = 676F233F2A30D746003DF1EA /* SceneDelegate.swift */; };
		676F23452A30D746003DF1EA /* Main.storyboard in Resources */ = {isa = PBXBuildFile; fileRef = 676F23432A30D746003DF1EA /* Main.storyboard */; };
		676F23472A30D747003DF1EA /* Assets.xcassets in Resources */ = {isa = PBXBuildFile; fileRef = 676F23462A30D747003DF1EA /* Assets.xcassets */; };
		676F234A2A30D747003DF1EA /* LaunchScreen.storyboard in Resources */ = {isa = PBXBuildFile; fileRef = 676F23482A30D747003DF1EA /* LaunchScreen.storyboard */; };
		676F23582A30E81D003DF1EA /* Episode.swift in Sources */ = {isa = PBXBuildFile; fileRef = 676F23572A30E81D003DF1EA /* Episode.swift */; };
		676F235B2A30EE99003DF1EA /* EpisodeViewController.swift in Sources */ = {isa = PBXBuildFile; fileRef = 676F23592A30EE99003DF1EA /* EpisodeViewController.swift */; };
		676F235F2A30F569003DF1EA /* NetworkManager.swift in Sources */ = {isa = PBXBuildFile; fileRef = 676F235E2A30F569003DF1EA /* NetworkManager.swift */; };
		676F23612A30F646003DF1EA /* Link.swift in Sources */ = {isa = PBXBuildFile; fileRef = 676F23602A30F646003DF1EA /* Link.swift */; };
/* End PBXBuildFile section */

/* Begin PBXFileReference section */
		675FAF4A2A32049400839B69 /* EpisodeCell.swift */ = {isa = PBXFileReference; lastKnownFileType = sourcecode.swift; path = EpisodeCell.swift; sourceTree = "<group>"; };
		675FAF4B2A32049400839B69 /* EpisodeCell.xib */ = {isa = PBXFileReference; lastKnownFileType = file.xib; path = EpisodeCell.xib; sourceTree = "<group>"; };
		676F233A2A30D746003DF1EA /* StarWars.app */ = {isa = PBXFileReference; explicitFileType = wrapper.application; includeInIndex = 0; path = StarWars.app; sourceTree = BUILT_PRODUCTS_DIR; };
		676F233D2A30D746003DF1EA /* AppDelegate.swift */ = {isa = PBXFileReference; lastKnownFileType = sourcecode.swift; path = AppDelegate.swift; sourceTree = "<group>"; };
		676F233F2A30D746003DF1EA /* SceneDelegate.swift */ = {isa = PBXFileReference; lastKnownFileType = sourcecode.swift; path = SceneDelegate.swift; sourceTree = "<group>"; };
		676F23442A30D746003DF1EA /* Base */ = {isa = PBXFileReference; lastKnownFileType = file.storyboard; name = Base; path = Base.lproj/Main.storyboard; sourceTree = "<group>"; };
		676F23462A30D747003DF1EA /* Assets.xcassets */ = {isa = PBXFileReference; lastKnownFileType = folder.assetcatalog; path = Assets.xcassets; sourceTree = "<group>"; };
		676F23492A30D747003DF1EA /* Base */ = {isa = PBXFileReference; lastKnownFileType = file.storyboard; name = Base; path = Base.lproj/LaunchScreen.storyboard; sourceTree = "<group>"; };
		676F234B2A30D747003DF1EA /* Info.plist */ = {isa = PBXFileReference; lastKnownFileType = text.plist.xml; path = Info.plist; sourceTree = "<group>"; };
		676F23572A30E81D003DF1EA /* Episode.swift */ = {isa = PBXFileReference; lastKnownFileType = sourcecode.swift; path = Episode.swift; sourceTree = "<group>"; };
		676F23592A30EE99003DF1EA /* EpisodeViewController.swift */ = {isa = PBXFileReference; lastKnownFileType = sourcecode.swift; path = EpisodeViewController.swift; sourceTree = "<group>"; };
		676F235E2A30F569003DF1EA /* NetworkManager.swift */ = {isa = PBXFileReference; lastKnownFileType = sourcecode.swift; path = NetworkManager.swift; sourceTree = "<group>"; };
		676F23602A30F646003DF1EA /* Link.swift */ = {isa = PBXFileReference; lastKnownFileType = sourcecode.swift; path = Link.swift; sourceTree = "<group>"; };
/* End PBXFileReference section */

/* Begin PBXFrameworksBuildPhase section */
		676F23372A30D746003DF1EA /* Frameworks */ = {
			isa = PBXFrameworksBuildPhase;
			buildActionMask = 2147483647;
			files = (
			);
			runOnlyForDeploymentPostprocessing = 0;
		};
/* End PBXFrameworksBuildPhase section */

/* Begin PBXGroup section */
		676F23312A30D746003DF1EA = {
			isa = PBXGroup;
			children = (
				676F233C2A30D746003DF1EA /* StarWars */,
				676F233B2A30D746003DF1EA /* Products */,
			);
			sourceTree = "<group>";
		};
		676F233B2A30D746003DF1EA /* Products */ = {
			isa = PBXGroup;
			children = (
				676F233A2A30D746003DF1EA /* StarWars.app */,
			);
			name = Products;
			sourceTree = "<group>";
		};
		676F233C2A30D746003DF1EA /* StarWars */ = {
			isa = PBXGroup;
			children = (
				676F23532A30D796003DF1EA /* ViewControllers */,
				676F23542A30D79F003DF1EA /* Model */,
				676F23552A30D7AD003DF1EA /* Services */,
				676F23522A30D78A003DF1EA /* Storyboards */,
				676F23562A30D7B7003DF1EA /* SupportingFiles */,
				676F23512A30D77C003DF1EA /* App */,
			);
			path = StarWars;
			sourceTree = "<group>";
		};
		676F23512A30D77C003DF1EA /* App */ = {
			isa = PBXGroup;
			children = (
				676F234B2A30D747003DF1EA /* Info.plist */,
				676F233F2A30D746003DF1EA /* SceneDelegate.swift */,
				676F233D2A30D746003DF1EA /* AppDelegate.swift */,
			);
			path = App;
			sourceTree = "<group>";
		};
		676F23522A30D78A003DF1EA /* Storyboards */ = {
			isa = PBXGroup;
			children = (
				676F23432A30D746003DF1EA /* Main.storyboard */,
				676F23482A30D747003DF1EA /* LaunchScreen.storyboard */,
			);
			path = Storyboards;
			sourceTree = "<group>";
		};
		676F23532A30D796003DF1EA /* ViewControllers */ = {
			isa = PBXGroup;
			children = (
				676F235D2A30EEA1003DF1EA /* EpisodeViewController */,
			);
			path = ViewControllers;
			sourceTree = "<group>";
		};
		676F23542A30D79F003DF1EA /* Model */ = {
			isa = PBXGroup;
			children = (
				676F23572A30E81D003DF1EA /* Episode.swift */,
				676F23602A30F646003DF1EA /* Link.swift */,
			);
			path = Model;
			sourceTree = "<group>";
		};
		676F23552A30D7AD003DF1EA /* Services */ = {
			isa = PBXGroup;
			children = (
				676F235E2A30F569003DF1EA /* NetworkManager.swift */,
			);
			path = Services;
			sourceTree = "<group>";
		};
		676F23562A30D7B7003DF1EA /* SupportingFiles */ = {
			isa = PBXGroup;
			children = (
				676F23462A30D747003DF1EA /* Assets.xcassets */,
			);
			path = SupportingFiles;
			sourceTree = "<group>";
		};
		676F235D2A30EEA1003DF1EA /* EpisodeViewController */ = {
			isa = PBXGroup;
			children = (
				676F23592A30EE99003DF1EA /* EpisodeViewController.swift */,
				675FAF4A2A32049400839B69 /* EpisodeCell.swift */,
				675FAF4B2A32049400839B69 /* EpisodeCell.xib */,
			);
			path = EpisodeViewController;
			sourceTree = "<group>";
		};
/* End PBXGroup section */

/* Begin PBXNativeTarget section */
		676F23392A30D746003DF1EA /* StarWars */ = {
			isa = PBXNativeTarget;
			buildConfigurationList = 676F234E2A30D747003DF1EA /* Build configuration list for PBXNativeTarget "StarWars" */;
			buildPhases = (
				676F23362A30D746003DF1EA /* Sources */,
				676F23372A30D746003DF1EA /* Frameworks */,
				676F23382A30D746003DF1EA /* Resources */,
			);
			buildRules = (
			);
			dependencies = (
			);
			name = StarWars;
			productName = StarWars;
			productReference = 676F233A2A30D746003DF1EA /* StarWars.app */;
			productType = "com.apple.product-type.application";
		};
/* End PBXNativeTarget section */

/* Begin PBXProject section */
		676F23322A30D746003DF1EA /* Project object */ = {
			isa = PBXProject;
			attributes = {
				BuildIndependentTargetsInParallel = 1;
				LastSwiftUpdateCheck = 1430;
				LastUpgradeCheck = 1430;
				TargetAttributes = {
					676F23392A30D746003DF1EA = {
						CreatedOnToolsVersion = 14.3;
					};
				};
			};
			buildConfigurationList = 676F23352A30D746003DF1EA /* Build configuration list for PBXProject "StarWars" */;
			compatibilityVersion = "Xcode 14.0";
			developmentRegion = en;
			hasScannedForEncodings = 0;
			knownRegions = (
				en,
				Base,
			);
			mainGroup = 676F23312A30D746003DF1EA;
			productRefGroup = 676F233B2A30D746003DF1EA /* Products */;
			projectDirPath = "";
			projectRoot = "";
			targets = (
				676F23392A30D746003DF1EA /* StarWars */,
			);
		};
/* End PBXProject section */

/* Begin PBXResourcesBuildPhase section */
		676F23382A30D746003DF1EA /* Resources */ = {
			isa = PBXResourcesBuildPhase;
			buildActionMask = 2147483647;
			files = (
				676F234A2A30D747003DF1EA /* LaunchScreen.storyboard in Resources */,
				675FAF4D2A32049400839B69 /* EpisodeCell.xib in Resources */,
				676F23472A30D747003DF1EA /* Assets.xcassets in Resources */,
				676F23452A30D746003DF1EA /* Main.storyboard in Resources */,
			);
			runOnlyForDeploymentPostprocessing = 0;
		};
/* End PBXResourcesBuildPhase section */

/* Begin PBXSourcesBuildPhase section */
		676F23362A30D746003DF1EA /* Sources */ = {
			isa = PBXSourcesBuildPhase;
			buildActionMask = 2147483647;
			files = (
				676F23582A30E81D003DF1EA /* Episode.swift in Sources */,
				676F233E2A30D746003DF1EA /* AppDelegate.swift in Sources */,
				676F235F2A30F569003DF1EA /* NetworkManager.swift in Sources */,
				676F23402A30D746003DF1EA /* SceneDelegate.swift in Sources */,
				675FAF4C2A32049400839B69 /* EpisodeCell.swift in Sources */,
				676F23612A30F646003DF1EA /* Link.swift in Sources */,
				676F235B2A30EE99003DF1EA /* EpisodeViewController.swift in Sources */,
			);
			runOnlyForDeploymentPostprocessing = 0;
		};
/* End PBXSourcesBuildPhase section */

/* Begin PBXVariantGroup section */
		676F23432A30D746003DF1EA /* Main.storyboard */ = {
			isa = PBXVariantGroup;
			children = (
				676F23442A30D746003DF1EA /* Base */,
			);
			name = Main.storyboard;
			sourceTree = "<group>";
		};
		676F23482A30D747003DF1EA /* LaunchScreen.storyboard */ = {
			isa = PBXVariantGroup;
			children = (
				676F23492A30D747003DF1EA /* Base */,
			);
			name = LaunchScreen.storyboard;
			sourceTree = "<group>";
		};
/* End PBXVariantGroup section */

/* Begin XCBuildConfiguration section */
		676F234C2A30D747003DF1EA /* Debug */ = {
			isa = XCBuildConfiguration;
			buildSettings = {
				ALWAYS_SEARCH_USER_PATHS = NO;
				CLANG_ANALYZER_NONNULL = YES;
				CLANG_ANALYZER_NUMBER_OBJECT_CONVERSION = YES_AGGRESSIVE;
				CLANG_CXX_LANGUAGE_STANDARD = "gnu++20";
				CLANG_ENABLE_MODULES = YES;
				CLANG_ENABLE_OBJC_ARC = YES;
				CLANG_ENABLE_OBJC_WEAK = YES;
				CLANG_WARN_BLOCK_CAPTURE_AUTORELEASING = YES;
				CLANG_WARN_BOOL_CONVERSION = YES;
				CLANG_WARN_COMMA = YES;
				CLANG_WARN_CONSTANT_CONVERSION = YES;
				CLANG_WARN_DEPRECATED_OBJC_IMPLEMENTATIONS = YES;
				CLANG_WARN_DIRECT_OBJC_ISA_USAGE = YES_ERROR;
				CLANG_WARN_DOCUMENTATION_COMMENTS = YES;
				CLANG_WARN_EMPTY_BODY = YES;
				CLANG_WARN_ENUM_CONVERSION = YES;
				CLANG_WARN_INFINITE_RECURSION = YES;
				CLANG_WARN_INT_CONVERSION = YES;
				CLANG_WARN_NON_LITERAL_NULL_CONVERSION = YES;
				CLANG_WARN_OBJC_IMPLICIT_RETAIN_SELF = YES;
				CLANG_WARN_OBJC_LITERAL_CONVERSION = YES;
				CLANG_WARN_OBJC_ROOT_CLASS = YES_ERROR;
				CLANG_WARN_QUOTED_INCLUDE_IN_FRAMEWORK_HEADER = YES;
				CLANG_WARN_RANGE_LOOP_ANALYSIS = YES;
				CLANG_WARN_STRICT_PROTOTYPES = YES;
				CLANG_WARN_SUSPICIOUS_MOVE = YES;
				CLANG_WARN_UNGUARDED_AVAILABILITY = YES_AGGRESSIVE;
				CLANG_WARN_UNREACHABLE_CODE = YES;
				CLANG_WARN__DUPLICATE_METHOD_MATCH = YES;
				COPY_PHASE_STRIP = NO;
				DEBUG_INFORMATION_FORMAT = dwarf;
				ENABLE_STRICT_OBJC_MSGSEND = YES;
				ENABLE_TESTABILITY = YES;
				GCC_C_LANGUAGE_STANDARD = gnu11;
				GCC_DYNAMIC_NO_PIC = NO;
				GCC_NO_COMMON_BLOCKS = YES;
				GCC_OPTIMIZATION_LEVEL = 0;
				GCC_PREPROCESSOR_DEFINITIONS = (
					"DEBUG=1",
					"$(inherited)",
				);
				GCC_WARN_64_TO_32_BIT_CONVERSION = YES;
				GCC_WARN_ABOUT_RETURN_TYPE = YES_ERROR;
				GCC_WARN_UNDECLARED_SELECTOR = YES;
				GCC_WARN_UNINITIALIZED_AUTOS = YES_AGGRESSIVE;
				GCC_WARN_UNUSED_FUNCTION = YES;
				GCC_WARN_UNUSED_VARIABLE = YES;
				IPHONEOS_DEPLOYMENT_TARGET = 14.0;
				MTL_ENABLE_DEBUG_INFO = INCLUDE_SOURCE;
				MTL_FAST_MATH = YES;
				ONLY_ACTIVE_ARCH = YES;
				SDKROOT = iphoneos;
				SWIFT_ACTIVE_COMPILATION_CONDITIONS = DEBUG;
				SWIFT_OPTIMIZATION_LEVEL = "-Onone";
			};
			name = Debug;
		};
		676F234D2A30D747003DF1EA /* Release */ = {
			isa = XCBuildConfiguration;
			buildSettings = {
				ALWAYS_SEARCH_USER_PATHS = NO;
				CLANG_ANALYZER_NONNULL = YES;
				CLANG_ANALYZER_NUMBER_OBJECT_CONVERSION = YES_AGGRESSIVE;
				CLANG_CXX_LANGUAGE_STANDARD = "gnu++20";
				CLANG_ENABLE_MODULES = YES;
				CLANG_ENABLE_OBJC_ARC = YES;
				CLANG_ENABLE_OBJC_WEAK = YES;
				CLANG_WARN_BLOCK_CAPTURE_AUTORELEASING = YES;
				CLANG_WARN_BOOL_CONVERSION = YES;
				CLANG_WARN_COMMA = YES;
				CLANG_WARN_CONSTANT_CONVERSION = YES;
				CLANG_WARN_DEPRECATED_OBJC_IMPLEMENTATIONS = YES;
				CLANG_WARN_DIRECT_OBJC_ISA_USAGE = YES_ERROR;
				CLANG_WARN_DOCUMENTATION_COMMENTS = YES;
				CLANG_WARN_EMPTY_BODY = YES;
				CLANG_WARN_ENUM_CONVERSION = YES;
				CLANG_WARN_INFINITE_RECURSION = YES;
				CLANG_WARN_INT_CONVERSION = YES;
				CLANG_WARN_NON_LITERAL_NULL_CONVERSION = YES;
				CLANG_WARN_OBJC_IMPLICIT_RETAIN_SELF = YES;
				CLANG_WARN_OBJC_LITERAL_CONVERSION = YES;
				CLANG_WARN_OBJC_ROOT_CLASS = YES_ERROR;
				CLANG_WARN_QUOTED_INCLUDE_IN_FRAMEWORK_HEADER = YES;
				CLANG_WARN_RANGE_LOOP_ANALYSIS = YES;
				CLANG_WARN_STRICT_PROTOTYPES = YES;
				CLANG_WARN_SUSPICIOUS_MOVE = YES;
				CLANG_WARN_UNGUARDED_AVAILABILITY = YES_AGGRESSIVE;
				CLANG_WARN_UNREACHABLE_CODE = YES;
				CLANG_WARN__DUPLICATE_METHOD_MATCH = YES;
				COPY_PHASE_STRIP = NO;
				DEBUG_INFORMATION_FORMAT = "dwarf-with-dsym";
				ENABLE_NS_ASSERTIONS = NO;
				ENABLE_STRICT_OBJC_MSGSEND = YES;
				GCC_C_LANGUAGE_STANDARD = gnu11;
				GCC_NO_COMMON_BLOCKS = YES;
				GCC_WARN_64_TO_32_BIT_CONVERSION = YES;
				GCC_WARN_ABOUT_RETURN_TYPE = YES_ERROR;
				GCC_WARN_UNDECLARED_SELECTOR = YES;
				GCC_WARN_UNINITIALIZED_AUTOS = YES_AGGRESSIVE;
				GCC_WARN_UNUSED_FUNCTION = YES;
				GCC_WARN_UNUSED_VARIABLE = YES;
				IPHONEOS_DEPLOYMENT_TARGET = 14.0;
				MTL_ENABLE_DEBUG_INFO = NO;
				MTL_FAST_MATH = YES;
				SDKROOT = iphoneos;
				SWIFT_COMPILATION_MODE = wholemodule;
				SWIFT_OPTIMIZATION_LEVEL = "-O";
				VALIDATE_PRODUCT = YES;
			};
			name = Release;
		};
		676F234F2A30D747003DF1EA /* Debug */ = {
			isa = XCBuildConfiguration;
			buildSettings = {
				ASSETCATALOG_COMPILER_APPICON_NAME = AppIcon;
				ASSETCATALOG_COMPILER_GLOBAL_ACCENT_COLOR_NAME = AccentColor;
				CODE_SIGN_STYLE = Automatic;
				CURRENT_PROJECT_VERSION = 1;
				DEVELOPMENT_TEAM = T2HBBQ5KF9;
				GENERATE_INFOPLIST_FILE = YES;
				INFOPLIST_FILE = StarWars/App/Info.plist;
				INFOPLIST_KEY_UIApplicationSupportsIndirectInputEvents = YES;
				INFOPLIST_KEY_UILaunchStoryboardName = LaunchScreen;
				INFOPLIST_KEY_UIMainStoryboardFile = Main;
				INFOPLIST_KEY_UISupportedInterfaceOrientations = UIInterfaceOrientationPortrait;
				IPHONEOS_DEPLOYMENT_TARGET = 14.0;
				LD_RUNPATH_SEARCH_PATHS = (
					"$(inherited)",
					"@executable_path/Frameworks",
				);
				MARKETING_VERSION = 1.0;
				PRODUCT_BUNDLE_IDENTIFIER = com.home.StarWars;
				PRODUCT_NAME = "$(TARGET_NAME)";
				SUPPORTED_PLATFORMS = "iphoneos iphonesimulator";
				SUPPORTS_MACCATALYST = NO;
				SUPPORTS_MAC_DESIGNED_FOR_IPHONE_IPAD = NO;
				SWIFT_EMIT_LOC_STRINGS = YES;
				SWIFT_VERSION = 5.0;
				TARGETED_DEVICE_FAMILY = 1;
			};
			name = Debug;
		};
		676F23502A30D747003DF1EA /* Release */ = {
			isa = XCBuildConfiguration;
			buildSettings = {
				ASSETCATALOG_COMPILER_APPICON_NAME = AppIcon;
				ASSETCATALOG_COMPILER_GLOBAL_ACCENT_COLOR_NAME = AccentColor;
				CODE_SIGN_STYLE = Automatic;
				CURRENT_PROJECT_VERSION = 1;
				DEVELOPMENT_TEAM = T2HBBQ5KF9;
				GENERATE_INFOPLIST_FILE = YES;
				INFOPLIST_FILE = StarWars/App/Info.plist;
				INFOPLIST_KEY_UIApplicationSupportsIndirectInputEvents = YES;
				INFOPLIST_KEY_UILaunchStoryboardName = LaunchScreen;
				INFOPLIST_KEY_UIMainStoryboardFile = Main;
				INFOPLIST_KEY_UISupportedInterfaceOrientations = UIInterfaceOrientationPortrait;
				IPHONEOS_DEPLOYMENT_TARGET = 14.0;
				LD_RUNPATH_SEARCH_PATHS = (
					"$(inherited)",
					"@executable_path/Frameworks",
				);
				MARKETING_VERSION = 1.0;
				PRODUCT_BUNDLE_IDENTIFIER = com.home.StarWars;
				PRODUCT_NAME = "$(TARGET_NAME)";
				SUPPORTED_PLATFORMS = "iphoneos iphonesimulator";
				SUPPORTS_MACCATALYST = NO;
				SUPPORTS_MAC_DESIGNED_FOR_IPHONE_IPAD = NO;
				SWIFT_EMIT_LOC_STRINGS = YES;
				SWIFT_VERSION = 5.0;
				TARGETED_DEVICE_FAMILY = 1;
			};
			name = Release;
		};
/* End XCBuildConfiguration section */

/* Begin XCConfigurationList section */
		676F23352A30D746003DF1EA /* Build configuration list for PBXProject "StarWars" */ = {
			isa = XCConfigurationList;
			buildConfigurations = (
				676F234C2A30D747003DF1EA /* Debug */,
				676F234D2A30D747003DF1EA /* Release */,
			);
			defaultConfigurationIsVisible = 0;
			defaultConfigurationName = Release;
		};
		676F234E2A30D747003DF1EA /* Build configuration list for PBXNativeTarget "StarWars" */ = {
			isa = XCConfigurationList;
			buildConfigurations = (
				676F234F2A30D747003DF1EA /* Debug */,
				676F23502A30D747003DF1EA /* Release */,
			);
			defaultConfigurationIsVisible = 0;
			defaultConfigurationName = Release;
		};
/* End XCConfigurationList section */
	};
	rootObject = 676F23322A30D746003DF1EA /* Project object */;
}
